
Microsoft Visual Studio Solution File, Format Version 12.00
# Visual Studio Version 17
VisualStudioVersion = 17.7.34024.191
MinimumVisualStudioVersion = 10.0.40219.1
Project("{8BC9CEB8-8B4A-11D0-8D11-00A0C91BC942}") = "Chapter01(개발환경 설정 및 테스트)", "Chapter01(개발환경 설정 및 테스트)\Chapter01(개발환경 설정 및 테스트).vcxproj", "{B31A1437-A8E5-4AAA-BD72-1FC9E44185B2}"
EndProject
Global
	GlobalSection(SolutionConfigurationPlatforms) = preSolution
		Debug|x64 = Debug|x64
		Debug|x86 = Debug|x86
		Release|x64 = Release|x64
		Release|x86 = Release|x86
	EndGlobalSection
	GlobalSection(ProjectConfigurationPlatforms) = postSolution
		{B31A1437-A8E5-4AAA-BD72-1FC9E44185B2}.Debug|x64.ActiveCfg = Debug|x64
		{B31A1437-A8E5-4AAA-BD72-1FC9E44185B2}.Debug|x64.Build.0 = Debug|x64
		{B31A1437-A8E5-4AAA-BD72-1FC9E44185B2}.Debug|x86.ActiveCfg = Debug|Win32
		{B31A1437-A8E5-4AAA-BD72-1FC9E44185B2}.Debug|x86.Build.0 = Debug|Win32
		{B31A1437-A8E5-4AAA-BD72-1FC9E44185B2}.Release|x64.ActiveCfg = Release|x64
		{B31A1437-A8E5-4AAA-BD72-1FC9E44185B2}.Release|x64.Build.0 = Release|x64
		{B31A1437-A8E5-4AAA-BD72-1FC9E44185B2}.Release|x86.ActiveCfg = Release|Win32
		{B31A1437-A8E5-4AAA-BD72-1FC9E44185B2}.Release|x86.Build.0 = Release|Win32
	EndGlobalSection
	GlobalSection(SolutionProperties) = preSolution
		HideSolutionNode = FALSE
	EndGlobalSection
	GlobalSection(ExtensibilityGlobals) = postSolution
		SolutionGuid = {9DF16D4B-C2C0-4C7F-BFEF-0D43FB1723A1}
	EndGlobalSection
EndGlobal
